// !$*UTF8*$!
{
	archiveVersion = 1;
	classes = {
	};
	objectVersion = 55;
	objects = {

/* Begin PBXBuildFile section */
		908F6F2F283CD2680050531B /* GTMSessionFetcher.m in Sources */ = {isa = PBXBuildFile; fileRef = 908F6F2E283CD2680050531B /* GTMSessionFetcher.m */; };
		908F6F30283CD2680050531B /* GTMSessionFetcher.h in CopyFiles */ = {isa = PBXBuildFile; fileRef = 908F6F2D283CD2680050531B /* GTMSessionFetcher.h */; };
		908F6F40283CD5380050531B /* Package.swift in Sources */ = {isa = PBXBuildFile; fileRef = 908F6F3F283CD5380050531B /* Package.swift */; };
		908F6F91283CF75F0050531B /* GTMGatherInputStream.m in Sources */ = {isa = PBXBuildFile; fileRef = 908F6F90283CF75F0050531B /* GTMGatherInputStream.m */; };
		908F6F94283CF7D40050531B /* GTMSessionFetcherLogViewController.m in Sources */ = {isa = PBXBuildFile; fileRef = 908F6F93283CF7D40050531B /* GTMSessionFetcherLogViewController.m */; };
/* End PBXBuildFile section */

/* Begin PBXCopyFilesBuildPhase section */
		908F6F28283CD2680050531B /* CopyFiles */ = {
			isa = PBXCopyFilesBuildPhase;
			buildActionMask = 2147483647;
			dstPath = "include/$(PRODUCT_NAME)";
			dstSubfolderSpec = 16;
			files = (
				908F6F30283CD2680050531B /* GTMSessionFetcher.h in CopyFiles */,
			);
			runOnlyForDeploymentPostprocessing = 0;
		};
/* End PBXCopyFilesBuildPhase section */

/* Begin PBXFileReference section */
		908F6F2A283CD2680050531B /* libSampleLibraryInObjectiveC1.a */ = {isa = PBXFileReference; explicitFileType = archive.ar; includeInIndex = 0; name = libSampleLibraryInObjectiveC1.a; path = "/Users/hien/ObjCLibrary/SampleLibraryInObjectiveC1/build/Debug-iphoneos/libSampleLibraryInObjectiveC1.a"; sourceTree = "<absolute>"; };
		908F6F2D283CD2680050531B /* GTMSessionFetcher.h */ = {isa = PBXFileReference; lastKnownFileType = sourcecode.c.h; path = GTMSessionFetcher.h; sourceTree = "<group>"; };
		908F6F2E283CD2680050531B /* GTMSessionFetcher.m */ = {isa = PBXFileReference; lastKnownFileType = sourcecode.c.objc; path = GTMSessionFetcher.m; sourceTree = "<group>"; };
		908F6F3F283CD5380050531B /* Package.swift */ = {isa = PBXFileReference; fileEncoding = 4; lastKnownFileType = sourcecode.swift; path = Package.swift; sourceTree = "<group>"; };
		908F6F8F283CF7240050531B /* GTMGatherInputStream.h */ = {isa = PBXFileReference; lastKnownFileType = sourcecode.c.h; path = GTMGatherInputStream.h; sourceTree = "<group>"; };
		908F6F90283CF75F0050531B /* GTMGatherInputStream.m */ = {isa = PBXFileReference; lastKnownFileType = sourcecode.c.objc; path = GTMGatherInputStream.m; sourceTree = "<group>"; };
		908F6F92283CF7B90050531B /* GTMSessionFetcherLogViewController.h */ = {isa = PBXFileReference; lastKnownFileType = sourcecode.c.h; path = GTMSessionFetcherLogViewController.h; sourceTree = "<group>"; };
		908F6F93283CF7D40050531B /* GTMSessionFetcherLogViewController.m */ = {isa = PBXFileReference; lastKnownFileType = sourcecode.c.objc; path = GTMSessionFetcherLogViewController.m; sourceTree = "<group>"; };
		908F6F95283CF9390050531B /* FakeGTMSessionFetcher.podspec */ = {isa = PBXFileReference; fileEncoding = 4; lastKnownFileType = text; path = FakeGTMSessionFetcher.podspec; sourceTree = "<group>"; };
/* End PBXFileReference section */

/* Begin PBXFrameworksBuildPhase section */
		908F6F27283CD2680050531B /* Frameworks */ = {
			isa = PBXFrameworksBuildPhase;
			buildActionMask = 2147483647;
			files = (
			);
			runOnlyForDeploymentPostprocessing = 0;
		};
/* End PBXFrameworksBuildPhase section */

/* Begin PBXGroup section */
		908F6F21283CD2680050531B = {
			isa = PBXGroup;
			children = (
				908F6F95283CF9390050531B /* FakeGTMSessionFetcher.podspec */,
				908F6F3F283CD5380050531B /* Package.swift */,
				908F6F2C283CD2680050531B /* Sources */,
			);
			sourceTree = "<group>";
		};
		908F6F2C283CD2680050531B /* Sources */ = {
			isa = PBXGroup;
			children = (
				908F6F8B283CF6BE0050531B /* LogView */,
				908F6F89283CF6A80050531B /* Full */,
				908F6F36283CD3630050531B /* Core */,
			);
			path = Sources;
			sourceTree = "<group>";
		};
		908F6F36283CD3630050531B /* Core */ = {
			isa = PBXGroup;
			children = (
				908F6F37283CD3710050531B /* Public */,
				908F6F2E283CD2680050531B /* GTMSessionFetcher.m */,
			);
			path = Core;
			sourceTree = "<group>";
		};
		908F6F37283CD3710050531B /* Public */ = {
			isa = PBXGroup;
			children = (
				908F6F38283CD3790050531B /* FakeGTMSessionFetcher */,
			);
			path = Public;
			sourceTree = "<group>";
		};
		908F6F38283CD3790050531B /* FakeGTMSessionFetcher */ = {
			isa = PBXGroup;
			children = (
				908F6F2D283CD2680050531B /* GTMSessionFetcher.h */,
			);
			path = FakeGTMSessionFetcher;
			sourceTree = "<group>";
		};
		908F6F89283CF6A80050531B /* Full */ = {
			isa = PBXGroup;
			children = (
				908F6F8A283CF6B70050531B /* Public */,
				908F6F90283CF75F0050531B /* GTMGatherInputStream.m */,
			);
			path = Full;
			sourceTree = "<group>";
		};
		908F6F8A283CF6B70050531B /* Public */ = {
			isa = PBXGroup;
			children = (
				908F6F8D283CF6FA0050531B /* FakeGTMSessionFetcher */,
			);
			path = Public;
			sourceTree = "<group>";
		};
		908F6F8B283CF6BE0050531B /* LogView */ = {
			isa = PBXGroup;
			children = (
				908F6F8C283CF6C50050531B /* Public */,
				908F6F93283CF7D40050531B /* GTMSessionFetcherLogViewController.m */,
			);
			path = LogView;
			sourceTree = "<group>";
		};
		908F6F8C283CF6C50050531B /* Public */ = {
			isa = PBXGroup;
			children = (
				908F6F8E283CF7010050531B /* FakeGTMSessionFetcher */,
			);
			path = Public;
			sourceTree = "<group>";
		};
		908F6F8D283CF6FA0050531B /* FakeGTMSessionFetcher */ = {
			isa = PBXGroup;
			children = (
				908F6F8F283CF7240050531B /* GTMGatherInputStream.h */,
			);
			path = FakeGTMSessionFetcher;
			sourceTree = "<group>";
		};
		908F6F8E283CF7010050531B /* FakeGTMSessionFetcher */ = {
			isa = PBXGroup;
			children = (
				908F6F92283CF7B90050531B /* GTMSessionFetcherLogViewController.h */,
			);
			path = FakeGTMSessionFetcher;
			sourceTree = "<group>";
		};
/* End PBXGroup section */

/* Begin PBXNativeTarget section */
		908F6F29283CD2680050531B /* SampleLibraryInObjectiveC1 */ = {
			isa = PBXNativeTarget;
			buildConfigurationList = 908F6F33283CD2680050531B /* Build configuration list for PBXNativeTarget "SampleLibraryInObjectiveC1" */;
			buildPhases = (
				908F6F26283CD2680050531B /* Sources */,
				908F6F27283CD2680050531B /* Frameworks */,
				908F6F28283CD2680050531B /* CopyFiles */,
			);
			buildRules = (
			);
			dependencies = (
			);
			name = SampleLibraryInObjectiveC1;
			productName = SampleLibraryInObjectiveC1;
			productReference = 908F6F2A283CD2680050531B /* libSampleLibraryInObjectiveC1.a */;
			productType = "com.apple.product-type.library.static";
		};
/* End PBXNativeTarget section */

/* Begin PBXProject section */
		908F6F22283CD2680050531B /* Project object */ = {
			isa = PBXProject;
			attributes = {
				BuildIndependentTargetsInParallel = 1;
				LastUpgradeCheck = 1300;
				TargetAttributes = {
					908F6F29283CD2680050531B = {
						CreatedOnToolsVersion = 13.0;
						LastSwiftMigration = 1300;
					};
				};
			};
			buildConfigurationList = 908F6F25283CD2680050531B /* Build configuration list for PBXProject "SampleLibraryInObjectiveC1" */;
			compatibilityVersion = "Xcode 13.0";
			developmentRegion = en;
			hasScannedForEncodings = 0;
			knownRegions = (
				en,
				Base,
			);
			mainGroup = 908F6F21283CD2680050531B;
			productRefGroup = 908F6F21283CD2680050531B;
			projectDirPath = "";
			projectRoot = "";
			targets = (
				908F6F29283CD2680050531B /* SampleLibraryInObjectiveC1 */,
			);
		};
/* End PBXProject section */

/* Begin PBXSourcesBuildPhase section */
		908F6F26283CD2680050531B /* Sources */ = {
			isa = PBXSourcesBuildPhase;
			buildActionMask = 2147483647;
			files = (
				908F6F40283CD5380050531B /* Package.swift in Sources */,
				908F6F94283CF7D40050531B /* GTMSessionFetcherLogViewController.m in Sources */,
				908F6F2F283CD2680050531B /* GTMSessionFetcher.m in Sources */,
				908F6F91283CF75F0050531B /* GTMGatherInputStream.m in Sources */,
			);
			runOnlyForDeploymentPostprocessing = 0;
		};
/* End PBXSourcesBuildPhase section */

/* Begin XCBuildConfiguration section */
		908F6F31283CD2680050531B /* Debug */ = {
			isa = XCBuildConfiguration;
			buildSettings = {
				ALWAYS_SEARCH_USER_PATHS = NO;
				BUILD_LIBRARY_FOR_DISTRIBUTION = YES;
				CLANG_ANALYZER_NONNULL = YES;
				CLANG_ANALYZER_NUMBER_OBJECT_CONVERSION = YES_AGGRESSIVE;
				CLANG_CXX_LANGUAGE_STANDARD = "gnu++17";
				CLANG_CXX_LIBRARY = "libc++";
				CLANG_ENABLE_MODULES = YES;
				CLANG_ENABLE_OBJC_ARC = YES;
				CLANG_ENABLE_OBJC_WEAK = YES;
				CLANG_WARN_BLOCK_CAPTURE_AUTORELEASING = YES;
				CLANG_WARN_BOOL_CONVERSION = YES;
				CLANG_WARN_COMMA = YES;
				CLANG_WARN_CONSTANT_CONVERSION = YES;
				CLANG_WARN_DEPRECATED_OBJC_IMPLEMENTATIONS = YES;
				CLANG_WARN_DIRECT_OBJC_ISA_USAGE = YES_ERROR;
				CLANG_WARN_DOCUMENTATION_COMMENTS = YES;
				CLANG_WARN_EMPTY_BODY = YES;
				CLANG_WARN_ENUM_CONVERSION = YES;
				CLANG_WARN_INFINITE_RECURSION = YES;
				CLANG_WARN_INT_CONVERSION = YES;
				CLANG_WARN_NON_LITERAL_NULL_CONVERSION = YES;
				CLANG_WARN_OBJC_IMPLICIT_RETAIN_SELF = YES;
				CLANG_WARN_OBJC_LITERAL_CONVERSION = YES;
				CLANG_WARN_OBJC_ROOT_CLASS = YES_ERROR;
				CLANG_WARN_QUOTED_INCLUDE_IN_FRAMEWORK_HEADER = YES;
				CLANG_WARN_RANGE_LOOP_ANALYSIS = YES;
				CLANG_WARN_STRICT_PROTOTYPES = YES;
				CLANG_WARN_SUSPICIOUS_MOVE = YES;
				CLANG_WARN_UNGUARDED_AVAILABILITY = YES_AGGRESSIVE;
				CLANG_WARN_UNREACHABLE_CODE = YES;
				CLANG_WARN__DUPLICATE_METHOD_MATCH = YES;
				COPY_PHASE_STRIP = NO;
				DEBUG_INFORMATION_FORMAT = dwarf;
				ENABLE_STRICT_OBJC_MSGSEND = YES;
				ENABLE_TESTABILITY = YES;
				GCC_C_LANGUAGE_STANDARD = gnu11;
				GCC_DYNAMIC_NO_PIC = NO;
				GCC_NO_COMMON_BLOCKS = YES;
				GCC_OPTIMIZATION_LEVEL = 0;
				GCC_PREPROCESSOR_DEFINITIONS = (
					"DEBUG=1",
					"$(inherited)",
				);
				GCC_WARN_64_TO_32_BIT_CONVERSION = YES;
				GCC_WARN_ABOUT_RETURN_TYPE = YES_ERROR;
				GCC_WARN_UNDECLARED_SELECTOR = YES;
				GCC_WARN_UNINITIALIZED_AUTOS = YES_AGGRESSIVE;
				GCC_WARN_UNUSED_FUNCTION = YES;
				GCC_WARN_UNUSED_VARIABLE = YES;
				IPHONEOS_DEPLOYMENT_TARGET = 14.1;
				MTL_ENABLE_DEBUG_INFO = INCLUDE_SOURCE;
				MTL_FAST_MATH = YES;
				ONLY_ACTIVE_ARCH = YES;
				SDKROOT = iphoneos;
			};
			name = Debug;
		};
		908F6F32283CD2680050531B /* Release */ = {
			isa = XCBuildConfiguration;
			buildSettings = {
				ALWAYS_SEARCH_USER_PATHS = NO;
				BUILD_LIBRARY_FOR_DISTRIBUTION = YES;
				CLANG_ANALYZER_NONNULL = YES;
				CLANG_ANALYZER_NUMBER_OBJECT_CONVERSION = YES_AGGRESSIVE;
				CLANG_CXX_LANGUAGE_STANDARD = "gnu++17";
				CLANG_CXX_LIBRARY = "libc++";
				CLANG_ENABLE_MODULES = YES;
				CLANG_ENABLE_OBJC_ARC = YES;
				CLANG_ENABLE_OBJC_WEAK = YES;
				CLANG_WARN_BLOCK_CAPTURE_AUTORELEASING = YES;
				CLANG_WARN_BOOL_CONVERSION = YES;
				CLANG_WARN_COMMA = YES;
				CLANG_WARN_CONSTANT_CONVERSION = YES;
				CLANG_WARN_DEPRECATED_OBJC_IMPLEMENTATIONS = YES;
				CLANG_WARN_DIRECT_OBJC_ISA_USAGE = YES_ERROR;
				CLANG_WARN_DOCUMENTATION_COMMENTS = YES;
				CLANG_WARN_EMPTY_BODY = YES;
				CLANG_WARN_ENUM_CONVERSION = YES;
				CLANG_WARN_INFINITE_RECURSION = YES;
				CLANG_WARN_INT_CONVERSION = YES;
				CLANG_WARN_NON_LITERAL_NULL_CONVERSION = YES;
				CLANG_WARN_OBJC_IMPLICIT_RETAIN_SELF = YES;
				CLANG_WARN_OBJC_LITERAL_CONVERSION = YES;
				CLANG_WARN_OBJC_ROOT_CLASS = YES_ERROR;
				CLANG_WARN_QUOTED_INCLUDE_IN_FRAMEWORK_HEADER = YES;
				CLANG_WARN_RANGE_LOOP_ANALYSIS = YES;
				CLANG_WARN_STRICT_PROTOTYPES = YES;
				CLANG_WARN_SUSPICIOUS_MOVE = YES;
				CLANG_WARN_UNGUARDED_AVAILABILITY = YES_AGGRESSIVE;
				CLANG_WARN_UNREACHABLE_CODE = YES;
				CLANG_WARN__DUPLICATE_METHOD_MATCH = YES;
				COPY_PHASE_STRIP = NO;
				DEBUG_INFORMATION_FORMAT = dwarf;
				ENABLE_NS_ASSERTIONS = NO;
				ENABLE_STRICT_OBJC_MSGSEND = YES;
				GCC_C_LANGUAGE_STANDARD = gnu11;
				GCC_NO_COMMON_BLOCKS = YES;
				GCC_WARN_64_TO_32_BIT_CONVERSION = YES;
				GCC_WARN_ABOUT_RETURN_TYPE = YES_ERROR;
				GCC_WARN_UNDECLARED_SELECTOR = YES;
				GCC_WARN_UNINITIALIZED_AUTOS = YES_AGGRESSIVE;
				GCC_WARN_UNUSED_FUNCTION = YES;
				GCC_WARN_UNUSED_VARIABLE = YES;
				IPHONEOS_DEPLOYMENT_TARGET = 14.1;
				MTL_ENABLE_DEBUG_INFO = NO;
				MTL_FAST_MATH = YES;
				ONLY_ACTIVE_ARCH = YES;
				SDKROOT = iphoneos;
				VALIDATE_PRODUCT = YES;
			};
			name = Release;
		};
		908F6F34283CD2680050531B /* Debug */ = {
			isa = XCBuildConfiguration;
			buildSettings = {
				CLANG_ENABLE_MODULES = YES;
				CODE_SIGN_STYLE = Automatic;
				DEVELOPMENT_TEAM = 9T97Q4ATZ2;
				LD_RUNPATH_SEARCH_PATHS = (
					"$(inherited)",
					"@executable_path/Frameworks",
					"@loader_path/Frameworks",
				);
				OTHER_LDFLAGS = "-ObjC";
				PRODUCT_NAME = "$(TARGET_NAME)";
				SKIP_INSTALL = YES;
				SWIFT_OBJC_BRIDGING_HEADER = "SampleLibraryInObjectiveC1-Bridging-Header.h";
				SWIFT_OPTIMIZATION_LEVEL = "-Onone";
				SWIFT_VERSION = 5.0;
				TARGETED_DEVICE_FAMILY = "1,2";
			};
			name = Debug;
		};
		908F6F35283CD2680050531B /* Release */ = {
			isa = XCBuildConfiguration;
			buildSettings = {
				CLANG_ENABLE_MODULES = YES;
				CODE_SIGN_STYLE = Automatic;
				DEVELOPMENT_TEAM = 9T97Q4ATZ2;
				LD_RUNPATH_SEARCH_PATHS = (
					"$(inherited)",
					"@executable_path/Frameworks",
					"@loader_path/Frameworks",
				);
				OTHER_LDFLAGS = "-ObjC";
				PRODUCT_NAME = "$(TARGET_NAME)";
				SKIP_INSTALL = YES;
				SWIFT_OBJC_BRIDGING_HEADER = "SampleLibraryInObjectiveC1-Bridging-Header.h";
				SWIFT_VERSION = 5.0;
				TARGETED_DEVICE_FAMILY = "1,2";
			};
			name = Release;
		};
/* End XCBuildConfiguration section */

/* Begin XCConfigurationList section */
		908F6F25283CD2680050531B /* Build configuration list for PBXProject "SampleLibraryInObjectiveC1" */ = {
			isa = XCConfigurationList;
			buildConfigurations = (
				908F6F31283CD2680050531B /* Debug */,
				908F6F32283CD2680050531B /* Release */,
			);
			defaultConfigurationIsVisible = 0;
			defaultConfigurationName = Release;
		};
		908F6F33283CD2680050531B /* Build configuration list for PBXNativeTarget "SampleLibraryInObjectiveC1" */ = {
			isa = XCConfigurationList;
			buildConfigurations = (
				908F6F34283CD2680050531B /* Debug */,
				908F6F35283CD2680050531B /* Release */,
			);
			defaultConfigurationIsVisible = 0;
			defaultConfigurationName = Release;
		};
/* End XCConfigurationList section */
	};
	rootObject = 908F6F22283CD2680050531B /* Project object */;
}
